
Microsoft Visual Studio Solution File, Format Version 12.00
# Visual Studio Version 16
VisualStudioVersion = 16.0.30114.105
MinimumVisualStudioVersion = 10.0.40219.1
Project("{FAE04EC0-301F-11D3-BF4B-00C04F79EFBC}") = "ZentralesKraefteSystemTool", "ZentralesKraefteSystemTool\ZentralesKraefteSystemTool.csproj", "{572435AB-CFEB-4E88-96FA-18DA89EA3D42}"
EndProject
Project("{FAE04EC0-301F-11D3-BF4B-00C04F79EFBC}") = "ZKSTLib", "ZKSTLib\ZKSTLib.csproj", "{9F4A1C03-2CC4-493B-A05E-432EBB2B855F}"
EndProject
Global
	GlobalSection(SolutionConfigurationPlatforms) = preSolution
		Debug|Any CPU = Debug|Any CPU
		Release|Any CPU = Release|Any CPU
	EndGlobalSection
	GlobalSection(ProjectConfigurationPlatforms) = postSolution
		{572435AB-CFEB-4E88-96FA-18DA89EA3D42}.Debug|Any CPU.ActiveCfg = Debug|Any CPU
		{572435AB-CFEB-4E88-96FA-18DA89EA3D42}.Debug|Any CPU.Build.0 = Debug|Any CPU
		{572435AB-CFEB-4E88-96FA-18DA89EA3D42}.Release|Any CPU.ActiveCfg = Release|Any CPU
		{572435AB-CFEB-4E88-96FA-18DA89EA3D42}.Release|Any CPU.Build.0 = Release|Any CPU
		{9F4A1C03-2CC4-493B-A05E-432EBB2B855F}.Debug|Any CPU.ActiveCfg = Debug|Any CPU
		{9F4A1C03-2CC4-493B-A05E-432EBB2B855F}.Debug|Any CPU.Build.0 = Debug|Any CPU
		{9F4A1C03-2CC4-493B-A05E-432EBB2B855F}.Release|Any CPU.ActiveCfg = Release|Any CPU
		{9F4A1C03-2CC4-493B-A05E-432EBB2B855F}.Release|Any CPU.Build.0 = Release|Any CPU
	EndGlobalSection
	GlobalSection(SolutionProperties) = preSolution
		HideSolutionNode = FALSE
	EndGlobalSection
	GlobalSection(ExtensibilityGlobals) = postSolution
		SolutionGuid = {21FF6BA9-7855-4EA7-AFCE-1605B7C73978}
	EndGlobalSection
EndGlobal
